
Microsoft Visual Studio Solution File, Format Version 12.00
# Visual Studio 15
VisualStudioVersion = 15.0.27004.2006
MinimumVisualStudioVersion = 10.0.40219.1
Project("{FAE04EC0-301F-11D3-BF4B-00C04F79EFBC}") = "UIC.Framework.Interfaces", "UIC.Framework.Interfaces\UIC.Framework.Interfaces.csproj", "{053AB6AA-B79F-4863-9154-A1F51A1678BD}"
EndProject
Project("{FAE04EC0-301F-11D3-BF4B-00C04F79EFBC}") = "UIC.Connector.Implementation", "UIC.Connector.Implementation\UIC.Connector.Implementation.csproj", "{91F4C2D3-16AA-4926-B3D3-E748F3D34BCE}"
EndProject
Global
	GlobalSection(SolutionConfigurationPlatforms) = preSolution
		Debug|Any CPU = Debug|Any CPU
		Release|Any CPU = Release|Any CPU
	EndGlobalSection
	GlobalSection(ProjectConfigurationPlatforms) = postSolution
		{053AB6AA-B79F-4863-9154-A1F51A1678BD}.Debug|Any CPU.ActiveCfg = Debug|Any CPU
		{053AB6AA-B79F-4863-9154-A1F51A1678BD}.Debug|Any CPU.Build.0 = Debug|Any CPU
		{053AB6AA-B79F-4863-9154-A1F51A1678BD}.Release|Any CPU.ActiveCfg = Release|Any CPU
		{053AB6AA-B79F-4863-9154-A1F51A1678BD}.Release|Any CPU.Build.0 = Release|Any CPU
		{91F4C2D3-16AA-4926-B3D3-E748F3D34BCE}.Debug|Any CPU.ActiveCfg = Debug|Any CPU
		{91F4C2D3-16AA-4926-B3D3-E748F3D34BCE}.Debug|Any CPU.Build.0 = Debug|Any CPU
		{91F4C2D3-16AA-4926-B3D3-E748F3D34BCE}.Release|Any CPU.ActiveCfg = Release|Any CPU
		{91F4C2D3-16AA-4926-B3D3-E748F3D34BCE}.Release|Any CPU.Build.0 = Release|Any CPU
	EndGlobalSection
	GlobalSection(SolutionProperties) = preSolution
		HideSolutionNode = FALSE
	EndGlobalSection
	GlobalSection(ExtensibilityGlobals) = postSolution
		SolutionGuid = {18036194-1948-4D0C-BF64-813DE104D780}
	EndGlobalSection
EndGlobal
