
Microsoft Visual Studio Solution File, Format Version 12.00
# Visual Studio 15
VisualStudioVersion = 15.0.27428.2043
MinimumVisualStudioVersion = 10.0.40219.1
Project("{FAE04EC0-301F-11D3-BF4B-00C04F79EFBC}") = "UIC.Framework.Interfaces", "UIC.Framework.Interfaces\UIC.Framework.Interfaces.csproj", "{053AB6AA-B79F-4863-9154-A1F51A1678BD}"
EndProject
Project("{2150E333-8FDC-42A3-9474-1A3956D46DE8}") = "EDM", "EDM", "{7FE818AE-42D1-4006-A8CB-4CDCAAFA2721}"
EndProject
Project("{2150E333-8FDC-42A3-9474-1A3956D46DE8}") = "Communication", "Communication", "{816521BE-27AF-47BB-A4BF-4E20303741EE}"
EndProject
Project("{FAE04EC0-301F-11D3-BF4B-00C04F79EFBC}") = "UIC.EDM.System.Reboot", "UIC.EDM.System.Reboot\UIC.EDM.System.Reboot.csproj", "{739E81BD-8ABE-49D8-BC4D-49B232F5193D}"
EndProject
Project("{FAE04EC0-301F-11D3-BF4B-00C04F79EFBC}") = "UIC.Framweork.DefaultImplementation", "UIC.Framweork.DefaultImplementation\UIC.Framweork.DefaultImplementation.csproj", "{F541717B-4AF7-44CA-B35B-94BE445243AE}"
EndProject
Project("{FAE04EC0-301F-11D3-BF4B-00C04F79EFBC}") = "UIC.EDM.EApi.BoardInformation", "UIC.EDM.EApi.SystemInformation\UIC.EDM.EApi.BoardInformation.csproj", "{BF95EB75-BE3C-4DE9-9CB4-1C85C6FA773E}"
EndProject
Project("{2150E333-8FDC-42A3-9474-1A3956D46DE8}") = "Util", "Util", "{9F2A2343-3E8A-4AF1-94B8-3DB3EB59B63F}"
EndProject
Project("{FAE04EC0-301F-11D3-BF4B-00C04F79EFBC}") = "UIC.Util", "UIC.Util\UIC.Util.csproj", "{6A6813E5-3AE7-4E4F-8EFA-39907510759D}"
EndProject
Project("{FAE04EC0-301F-11D3-BF4B-00C04F79EFBC}") = "UIC.EDM.Test.Mockup", "UIC.EDM.Test.Mockup\UIC.EDM.Test.Mockup.csproj", "{CF8190BF-9DC3-4BD7-BBC3-E4838124058B}"
EndProject
Project("{FAE04EC0-301F-11D3-BF4B-00C04F79EFBC}") = "UIC.SGET.ConnectorImplementation", "UIC.SGET.ConnectorImplementation\UIC.SGET.ConnectorImplementation.csproj", "{C70B4235-F1FE-475E-A219-1BE0C30414F5}"
EndProject
Project("{FAE04EC0-301F-11D3-BF4B-00C04F79EFBC}") = "UIC.SGeT.Launcher", "UIC.SGeT.Launcher\UIC.SGeT.Launcher.csproj", "{05525BA9-B626-4314-84BF-4475FEB8DAF3}"
EndProject
Project("{2150E333-8FDC-42A3-9474-1A3956D46DE8}") = "M2mgo", "M2mgo", "{7BA6C0E5-89BD-49E3-866B-EEF8D123C838}"
EndProject
Project("{FAE04EC0-301F-11D3-BF4B-00C04F79EFBC}") = "UIC.Communication.M2mgo.ProjectAgent", "UIC.Communication.M2mgo.ProjectAgent\UIC.Communication.M2mgo.ProjectAgent.csproj", "{7FBE24B8-1C8D-406A-A3FC-A7366C9AD572}"
EndProject
Project("{FAE04EC0-301F-11D3-BF4B-00C04F79EFBC}") = "UIC.Communication.M2mgo.CommunicationAgent", "UIC.Communication.M2mgo.CommunicationAgent\UIC.Communication.M2mgo.CommunicationAgent.csproj", "{8EB5006F-836C-448D-8901-1A37E27C6459}"
EndProject
Project("{FAE04EC0-301F-11D3-BF4B-00C04F79EFBC}") = "UIC.EDM.EApi.I2c", "UIC.EDM.EApi.I2c\UIC.EDM.EApi.I2c.csproj", "{8911BF0D-BD52-4CE5-AD8D-810EDB43E7D3}"
EndProject
Project("{FAE04EC0-301F-11D3-BF4B-00C04F79EFBC}") = "UIC.EDM.EApi.I2c.Adafruit.VCNL4010", "UIC.EDM.EApi.I2c.Adafruit.VCNL4010\UIC.EDM.EApi.I2c.Adafruit.VCNL4010.csproj", "{CF3CEDCF-9D98-40FA-BB33-B092FD51421B}"
EndProject
Project("{FAE04EC0-301F-11D3-BF4B-00C04F79EFBC}") = "UIC.EDM.EApi.Gpio", "UIC.EDM.EApi.Gpio\UIC.EDM.EApi.Gpio.csproj", "{A2C48529-0606-4CD5-A82B-956608CDC95B}"
EndProject
Project("{FAE04EC0-301F-11D3-BF4B-00C04F79EFBC}") = "UIC.EDM.EApi.Shared", "UIC.EDM.EApi.Shared\UIC.EDM.EApi.Shared.csproj", "{319E76CE-FEC5-400B-AEBF-D1C61FFD9655}"
EndProject
Project("{FAE04EC0-301F-11D3-BF4B-00C04F79EFBC}") = "HAW.AWS.CommunicationAgent", "HAW.AWS.CommunicationAgent\HAW.AWS.CommunicationAgent.csproj", "{48CBFDD1-C16C-426D-AECC-46989C0C744F}"
EndProject
Global
	GlobalSection(SolutionConfigurationPlatforms) = preSolution
		Debug|Any CPU = Debug|Any CPU
		Debug|x64 = Debug|x64
		Debug|x86 = Debug|x86
		Release|Any CPU = Release|Any CPU
		Release|x64 = Release|x64
		Release|x86 = Release|x86
	EndGlobalSection
	GlobalSection(ProjectConfigurationPlatforms) = postSolution
		{053AB6AA-B79F-4863-9154-A1F51A1678BD}.Debug|Any CPU.ActiveCfg = Debug|Any CPU
		{053AB6AA-B79F-4863-9154-A1F51A1678BD}.Debug|Any CPU.Build.0 = Debug|Any CPU
		{053AB6AA-B79F-4863-9154-A1F51A1678BD}.Debug|x64.ActiveCfg = Debug|x64
		{053AB6AA-B79F-4863-9154-A1F51A1678BD}.Debug|x64.Build.0 = Debug|x64
		{053AB6AA-B79F-4863-9154-A1F51A1678BD}.Debug|x86.ActiveCfg = Debug|x86
		{053AB6AA-B79F-4863-9154-A1F51A1678BD}.Debug|x86.Build.0 = Debug|x86
		{053AB6AA-B79F-4863-9154-A1F51A1678BD}.Release|Any CPU.ActiveCfg = Release|Any CPU
		{053AB6AA-B79F-4863-9154-A1F51A1678BD}.Release|Any CPU.Build.0 = Release|Any CPU
		{053AB6AA-B79F-4863-9154-A1F51A1678BD}.Release|x64.ActiveCfg = Release|x64
		{053AB6AA-B79F-4863-9154-A1F51A1678BD}.Release|x64.Build.0 = Release|x64
		{053AB6AA-B79F-4863-9154-A1F51A1678BD}.Release|x86.ActiveCfg = Release|x86
		{053AB6AA-B79F-4863-9154-A1F51A1678BD}.Release|x86.Build.0 = Release|x86
		{739E81BD-8ABE-49D8-BC4D-49B232F5193D}.Debug|Any CPU.ActiveCfg = Debug|Any CPU
		{739E81BD-8ABE-49D8-BC4D-49B232F5193D}.Debug|Any CPU.Build.0 = Debug|Any CPU
		{739E81BD-8ABE-49D8-BC4D-49B232F5193D}.Debug|x64.ActiveCfg = Debug|x64
		{739E81BD-8ABE-49D8-BC4D-49B232F5193D}.Debug|x64.Build.0 = Debug|x64
		{739E81BD-8ABE-49D8-BC4D-49B232F5193D}.Debug|x86.ActiveCfg = Debug|x86
		{739E81BD-8ABE-49D8-BC4D-49B232F5193D}.Debug|x86.Build.0 = Debug|x86
		{739E81BD-8ABE-49D8-BC4D-49B232F5193D}.Release|Any CPU.ActiveCfg = Release|Any CPU
		{739E81BD-8ABE-49D8-BC4D-49B232F5193D}.Release|Any CPU.Build.0 = Release|Any CPU
		{739E81BD-8ABE-49D8-BC4D-49B232F5193D}.Release|x64.ActiveCfg = Release|x64
		{739E81BD-8ABE-49D8-BC4D-49B232F5193D}.Release|x64.Build.0 = Release|x64
		{739E81BD-8ABE-49D8-BC4D-49B232F5193D}.Release|x86.ActiveCfg = Release|x86
		{739E81BD-8ABE-49D8-BC4D-49B232F5193D}.Release|x86.Build.0 = Release|x86
		{F541717B-4AF7-44CA-B35B-94BE445243AE}.Debug|Any CPU.ActiveCfg = Debug|Any CPU
		{F541717B-4AF7-44CA-B35B-94BE445243AE}.Debug|Any CPU.Build.0 = Debug|Any CPU
		{F541717B-4AF7-44CA-B35B-94BE445243AE}.Debug|x64.ActiveCfg = Debug|x64
		{F541717B-4AF7-44CA-B35B-94BE445243AE}.Debug|x64.Build.0 = Debug|x64
		{F541717B-4AF7-44CA-B35B-94BE445243AE}.Debug|x86.ActiveCfg = Debug|x86
		{F541717B-4AF7-44CA-B35B-94BE445243AE}.Debug|x86.Build.0 = Debug|x86
		{F541717B-4AF7-44CA-B35B-94BE445243AE}.Release|Any CPU.ActiveCfg = Release|Any CPU
		{F541717B-4AF7-44CA-B35B-94BE445243AE}.Release|Any CPU.Build.0 = Release|Any CPU
		{F541717B-4AF7-44CA-B35B-94BE445243AE}.Release|x64.ActiveCfg = Release|x64
		{F541717B-4AF7-44CA-B35B-94BE445243AE}.Release|x64.Build.0 = Release|x64
		{F541717B-4AF7-44CA-B35B-94BE445243AE}.Release|x86.ActiveCfg = Release|x86
		{F541717B-4AF7-44CA-B35B-94BE445243AE}.Release|x86.Build.0 = Release|x86
		{BF95EB75-BE3C-4DE9-9CB4-1C85C6FA773E}.Debug|Any CPU.ActiveCfg = Debug|Any CPU
		{BF95EB75-BE3C-4DE9-9CB4-1C85C6FA773E}.Debug|Any CPU.Build.0 = Debug|Any CPU
		{BF95EB75-BE3C-4DE9-9CB4-1C85C6FA773E}.Debug|x64.ActiveCfg = Debug|x64
		{BF95EB75-BE3C-4DE9-9CB4-1C85C6FA773E}.Debug|x64.Build.0 = Debug|x64
		{BF95EB75-BE3C-4DE9-9CB4-1C85C6FA773E}.Debug|x86.ActiveCfg = Debug|x86
		{BF95EB75-BE3C-4DE9-9CB4-1C85C6FA773E}.Debug|x86.Build.0 = Debug|x86
		{BF95EB75-BE3C-4DE9-9CB4-1C85C6FA773E}.Release|Any CPU.ActiveCfg = Release|Any CPU
		{BF95EB75-BE3C-4DE9-9CB4-1C85C6FA773E}.Release|Any CPU.Build.0 = Release|Any CPU
		{BF95EB75-BE3C-4DE9-9CB4-1C85C6FA773E}.Release|x64.ActiveCfg = Release|x64
		{BF95EB75-BE3C-4DE9-9CB4-1C85C6FA773E}.Release|x64.Build.0 = Release|x64
		{BF95EB75-BE3C-4DE9-9CB4-1C85C6FA773E}.Release|x86.ActiveCfg = Release|x86
		{BF95EB75-BE3C-4DE9-9CB4-1C85C6FA773E}.Release|x86.Build.0 = Release|x86
		{6A6813E5-3AE7-4E4F-8EFA-39907510759D}.Debug|Any CPU.ActiveCfg = Debug|Any CPU
		{6A6813E5-3AE7-4E4F-8EFA-39907510759D}.Debug|Any CPU.Build.0 = Debug|Any CPU
		{6A6813E5-3AE7-4E4F-8EFA-39907510759D}.Debug|x64.ActiveCfg = Debug|x64
		{6A6813E5-3AE7-4E4F-8EFA-39907510759D}.Debug|x64.Build.0 = Debug|x64
		{6A6813E5-3AE7-4E4F-8EFA-39907510759D}.Debug|x86.ActiveCfg = Debug|x86
		{6A6813E5-3AE7-4E4F-8EFA-39907510759D}.Debug|x86.Build.0 = Debug|x86
		{6A6813E5-3AE7-4E4F-8EFA-39907510759D}.Release|Any CPU.ActiveCfg = Release|Any CPU
		{6A6813E5-3AE7-4E4F-8EFA-39907510759D}.Release|Any CPU.Build.0 = Release|Any CPU
		{6A6813E5-3AE7-4E4F-8EFA-39907510759D}.Release|x64.ActiveCfg = Release|x64
		{6A6813E5-3AE7-4E4F-8EFA-39907510759D}.Release|x64.Build.0 = Release|x64
		{6A6813E5-3AE7-4E4F-8EFA-39907510759D}.Release|x86.ActiveCfg = Release|x86
		{6A6813E5-3AE7-4E4F-8EFA-39907510759D}.Release|x86.Build.0 = Release|x86
		{CF8190BF-9DC3-4BD7-BBC3-E4838124058B}.Debug|Any CPU.ActiveCfg = Debug|Any CPU
		{CF8190BF-9DC3-4BD7-BBC3-E4838124058B}.Debug|Any CPU.Build.0 = Debug|Any CPU
		{CF8190BF-9DC3-4BD7-BBC3-E4838124058B}.Debug|x64.ActiveCfg = Debug|x64
		{CF8190BF-9DC3-4BD7-BBC3-E4838124058B}.Debug|x64.Build.0 = Debug|x64
		{CF8190BF-9DC3-4BD7-BBC3-E4838124058B}.Debug|x86.ActiveCfg = Debug|x86
		{CF8190BF-9DC3-4BD7-BBC3-E4838124058B}.Debug|x86.Build.0 = Debug|x86
		{CF8190BF-9DC3-4BD7-BBC3-E4838124058B}.Release|Any CPU.ActiveCfg = Release|Any CPU
		{CF8190BF-9DC3-4BD7-BBC3-E4838124058B}.Release|Any CPU.Build.0 = Release|Any CPU
		{CF8190BF-9DC3-4BD7-BBC3-E4838124058B}.Release|x64.ActiveCfg = Release|x64
		{CF8190BF-9DC3-4BD7-BBC3-E4838124058B}.Release|x64.Build.0 = Release|x64
		{CF8190BF-9DC3-4BD7-BBC3-E4838124058B}.Release|x86.ActiveCfg = Release|x86
		{CF8190BF-9DC3-4BD7-BBC3-E4838124058B}.Release|x86.Build.0 = Release|x86
		{C70B4235-F1FE-475E-A219-1BE0C30414F5}.Debug|Any CPU.ActiveCfg = Debug|Any CPU
		{C70B4235-F1FE-475E-A219-1BE0C30414F5}.Debug|Any CPU.Build.0 = Debug|Any CPU
		{C70B4235-F1FE-475E-A219-1BE0C30414F5}.Debug|x64.ActiveCfg = Debug|x64
		{C70B4235-F1FE-475E-A219-1BE0C30414F5}.Debug|x64.Build.0 = Debug|x64
		{C70B4235-F1FE-475E-A219-1BE0C30414F5}.Debug|x86.ActiveCfg = Debug|x86
		{C70B4235-F1FE-475E-A219-1BE0C30414F5}.Debug|x86.Build.0 = Debug|x86
		{C70B4235-F1FE-475E-A219-1BE0C30414F5}.Release|Any CPU.ActiveCfg = Release|Any CPU
		{C70B4235-F1FE-475E-A219-1BE0C30414F5}.Release|Any CPU.Build.0 = Release|Any CPU
		{C70B4235-F1FE-475E-A219-1BE0C30414F5}.Release|x64.ActiveCfg = Release|x64
		{C70B4235-F1FE-475E-A219-1BE0C30414F5}.Release|x64.Build.0 = Release|x64
		{C70B4235-F1FE-475E-A219-1BE0C30414F5}.Release|x86.ActiveCfg = Release|x86
		{C70B4235-F1FE-475E-A219-1BE0C30414F5}.Release|x86.Build.0 = Release|x86
		{05525BA9-B626-4314-84BF-4475FEB8DAF3}.Debug|Any CPU.ActiveCfg = Debug|Any CPU
		{05525BA9-B626-4314-84BF-4475FEB8DAF3}.Debug|Any CPU.Build.0 = Debug|Any CPU
		{05525BA9-B626-4314-84BF-4475FEB8DAF3}.Debug|x64.ActiveCfg = Debug|x64
		{05525BA9-B626-4314-84BF-4475FEB8DAF3}.Debug|x64.Build.0 = Debug|x64
		{05525BA9-B626-4314-84BF-4475FEB8DAF3}.Debug|x86.ActiveCfg = Debug|x86
		{05525BA9-B626-4314-84BF-4475FEB8DAF3}.Debug|x86.Build.0 = Debug|x86
		{05525BA9-B626-4314-84BF-4475FEB8DAF3}.Release|Any CPU.ActiveCfg = Release|Any CPU
		{05525BA9-B626-4314-84BF-4475FEB8DAF3}.Release|Any CPU.Build.0 = Release|Any CPU
		{05525BA9-B626-4314-84BF-4475FEB8DAF3}.Release|x64.ActiveCfg = Release|x64
		{05525BA9-B626-4314-84BF-4475FEB8DAF3}.Release|x64.Build.0 = Release|x64
		{05525BA9-B626-4314-84BF-4475FEB8DAF3}.Release|x86.ActiveCfg = Release|x86
		{05525BA9-B626-4314-84BF-4475FEB8DAF3}.Release|x86.Build.0 = Release|x86
		{7FBE24B8-1C8D-406A-A3FC-A7366C9AD572}.Debug|Any CPU.ActiveCfg = Debug|Any CPU
		{7FBE24B8-1C8D-406A-A3FC-A7366C9AD572}.Debug|Any CPU.Build.0 = Debug|Any CPU
		{7FBE24B8-1C8D-406A-A3FC-A7366C9AD572}.Debug|x64.ActiveCfg = Debug|x64
		{7FBE24B8-1C8D-406A-A3FC-A7366C9AD572}.Debug|x64.Build.0 = Debug|x64
		{7FBE24B8-1C8D-406A-A3FC-A7366C9AD572}.Debug|x86.ActiveCfg = Debug|x86
		{7FBE24B8-1C8D-406A-A3FC-A7366C9AD572}.Debug|x86.Build.0 = Debug|x86
		{7FBE24B8-1C8D-406A-A3FC-A7366C9AD572}.Release|Any CPU.ActiveCfg = Release|Any CPU
		{7FBE24B8-1C8D-406A-A3FC-A7366C9AD572}.Release|Any CPU.Build.0 = Release|Any CPU
		{7FBE24B8-1C8D-406A-A3FC-A7366C9AD572}.Release|x64.ActiveCfg = Release|x64
		{7FBE24B8-1C8D-406A-A3FC-A7366C9AD572}.Release|x64.Build.0 = Release|x64
		{7FBE24B8-1C8D-406A-A3FC-A7366C9AD572}.Release|x86.ActiveCfg = Release|x86
		{7FBE24B8-1C8D-406A-A3FC-A7366C9AD572}.Release|x86.Build.0 = Release|x86
		{8EB5006F-836C-448D-8901-1A37E27C6459}.Debug|Any CPU.ActiveCfg = Debug|Any CPU
		{8EB5006F-836C-448D-8901-1A37E27C6459}.Debug|Any CPU.Build.0 = Debug|Any CPU
		{8EB5006F-836C-448D-8901-1A37E27C6459}.Debug|x64.ActiveCfg = Debug|x64
		{8EB5006F-836C-448D-8901-1A37E27C6459}.Debug|x64.Build.0 = Debug|x64
		{8EB5006F-836C-448D-8901-1A37E27C6459}.Debug|x86.ActiveCfg = Debug|x86
		{8EB5006F-836C-448D-8901-1A37E27C6459}.Debug|x86.Build.0 = Debug|x86
		{8EB5006F-836C-448D-8901-1A37E27C6459}.Release|Any CPU.ActiveCfg = Release|Any CPU
		{8EB5006F-836C-448D-8901-1A37E27C6459}.Release|Any CPU.Build.0 = Release|Any CPU
		{8EB5006F-836C-448D-8901-1A37E27C6459}.Release|x64.ActiveCfg = Release|x64
		{8EB5006F-836C-448D-8901-1A37E27C6459}.Release|x64.Build.0 = Release|x64
		{8EB5006F-836C-448D-8901-1A37E27C6459}.Release|x86.ActiveCfg = Release|x86
		{8EB5006F-836C-448D-8901-1A37E27C6459}.Release|x86.Build.0 = Release|x86
		{8911BF0D-BD52-4CE5-AD8D-810EDB43E7D3}.Debug|Any CPU.ActiveCfg = Debug|Any CPU
		{8911BF0D-BD52-4CE5-AD8D-810EDB43E7D3}.Debug|Any CPU.Build.0 = Debug|Any CPU
		{8911BF0D-BD52-4CE5-AD8D-810EDB43E7D3}.Debug|x64.ActiveCfg = Debug|x64
		{8911BF0D-BD52-4CE5-AD8D-810EDB43E7D3}.Debug|x64.Build.0 = Debug|x64
		{8911BF0D-BD52-4CE5-AD8D-810EDB43E7D3}.Debug|x86.ActiveCfg = Debug|x86
		{8911BF0D-BD52-4CE5-AD8D-810EDB43E7D3}.Debug|x86.Build.0 = Debug|x86
		{8911BF0D-BD52-4CE5-AD8D-810EDB43E7D3}.Release|Any CPU.ActiveCfg = Release|Any CPU
		{8911BF0D-BD52-4CE5-AD8D-810EDB43E7D3}.Release|Any CPU.Build.0 = Release|Any CPU
		{8911BF0D-BD52-4CE5-AD8D-810EDB43E7D3}.Release|x64.ActiveCfg = Release|x64
		{8911BF0D-BD52-4CE5-AD8D-810EDB43E7D3}.Release|x64.Build.0 = Release|x64
		{8911BF0D-BD52-4CE5-AD8D-810EDB43E7D3}.Release|x86.ActiveCfg = Release|x86
		{8911BF0D-BD52-4CE5-AD8D-810EDB43E7D3}.Release|x86.Build.0 = Release|x86
		{CF3CEDCF-9D98-40FA-BB33-B092FD51421B}.Debug|Any CPU.ActiveCfg = Debug|Any CPU
		{CF3CEDCF-9D98-40FA-BB33-B092FD51421B}.Debug|Any CPU.Build.0 = Debug|Any CPU
		{CF3CEDCF-9D98-40FA-BB33-B092FD51421B}.Debug|x64.ActiveCfg = Debug|x64
		{CF3CEDCF-9D98-40FA-BB33-B092FD51421B}.Debug|x64.Build.0 = Debug|x64
		{CF3CEDCF-9D98-40FA-BB33-B092FD51421B}.Debug|x86.ActiveCfg = Debug|x86
		{CF3CEDCF-9D98-40FA-BB33-B092FD51421B}.Debug|x86.Build.0 = Debug|x86
		{CF3CEDCF-9D98-40FA-BB33-B092FD51421B}.Release|Any CPU.ActiveCfg = Release|Any CPU
		{CF3CEDCF-9D98-40FA-BB33-B092FD51421B}.Release|Any CPU.Build.0 = Release|Any CPU
		{CF3CEDCF-9D98-40FA-BB33-B092FD51421B}.Release|x64.ActiveCfg = Release|x64
		{CF3CEDCF-9D98-40FA-BB33-B092FD51421B}.Release|x64.Build.0 = Release|x64
		{CF3CEDCF-9D98-40FA-BB33-B092FD51421B}.Release|x86.ActiveCfg = Release|x86
		{CF3CEDCF-9D98-40FA-BB33-B092FD51421B}.Release|x86.Build.0 = Release|x86
		{A2C48529-0606-4CD5-A82B-956608CDC95B}.Debug|Any CPU.ActiveCfg = Debug|Any CPU
		{A2C48529-0606-4CD5-A82B-956608CDC95B}.Debug|Any CPU.Build.0 = Debug|Any CPU
		{A2C48529-0606-4CD5-A82B-956608CDC95B}.Debug|x64.ActiveCfg = Debug|x64
		{A2C48529-0606-4CD5-A82B-956608CDC95B}.Debug|x64.Build.0 = Debug|x64
		{A2C48529-0606-4CD5-A82B-956608CDC95B}.Debug|x86.ActiveCfg = Debug|x86
		{A2C48529-0606-4CD5-A82B-956608CDC95B}.Debug|x86.Build.0 = Debug|x86
		{A2C48529-0606-4CD5-A82B-956608CDC95B}.Release|Any CPU.ActiveCfg = Release|Any CPU
		{A2C48529-0606-4CD5-A82B-956608CDC95B}.Release|Any CPU.Build.0 = Release|Any CPU
		{A2C48529-0606-4CD5-A82B-956608CDC95B}.Release|x64.ActiveCfg = Release|x64
		{A2C48529-0606-4CD5-A82B-956608CDC95B}.Release|x64.Build.0 = Release|x64
		{A2C48529-0606-4CD5-A82B-956608CDC95B}.Release|x86.ActiveCfg = Release|x86
		{A2C48529-0606-4CD5-A82B-956608CDC95B}.Release|x86.Build.0 = Release|x86
		{319E76CE-FEC5-400B-AEBF-D1C61FFD9655}.Debug|Any CPU.ActiveCfg = Debug|Any CPU
		{319E76CE-FEC5-400B-AEBF-D1C61FFD9655}.Debug|Any CPU.Build.0 = Debug|Any CPU
		{319E76CE-FEC5-400B-AEBF-D1C61FFD9655}.Debug|x64.ActiveCfg = Debug|Any CPU
		{319E76CE-FEC5-400B-AEBF-D1C61FFD9655}.Debug|x64.Build.0 = Debug|Any CPU
		{319E76CE-FEC5-400B-AEBF-D1C61FFD9655}.Debug|x86.ActiveCfg = Debug|Any CPU
		{319E76CE-FEC5-400B-AEBF-D1C61FFD9655}.Debug|x86.Build.0 = Debug|Any CPU
		{319E76CE-FEC5-400B-AEBF-D1C61FFD9655}.Release|Any CPU.ActiveCfg = Release|Any CPU
		{319E76CE-FEC5-400B-AEBF-D1C61FFD9655}.Release|Any CPU.Build.0 = Release|Any CPU
		{319E76CE-FEC5-400B-AEBF-D1C61FFD9655}.Release|x64.ActiveCfg = Release|Any CPU
		{319E76CE-FEC5-400B-AEBF-D1C61FFD9655}.Release|x64.Build.0 = Release|Any CPU
		{319E76CE-FEC5-400B-AEBF-D1C61FFD9655}.Release|x86.ActiveCfg = Release|Any CPU
		{319E76CE-FEC5-400B-AEBF-D1C61FFD9655}.Release|x86.Build.0 = Release|Any CPU
		{48CBFDD1-C16C-426D-AECC-46989C0C744F}.Debug|Any CPU.ActiveCfg = Debug|Any CPU
		{48CBFDD1-C16C-426D-AECC-46989C0C744F}.Debug|Any CPU.Build.0 = Debug|Any CPU
		{48CBFDD1-C16C-426D-AECC-46989C0C744F}.Debug|x64.ActiveCfg = Debug|Any CPU
		{48CBFDD1-C16C-426D-AECC-46989C0C744F}.Debug|x64.Build.0 = Debug|Any CPU
		{48CBFDD1-C16C-426D-AECC-46989C0C744F}.Debug|x86.ActiveCfg = Debug|Any CPU
		{48CBFDD1-C16C-426D-AECC-46989C0C744F}.Debug|x86.Build.0 = Debug|Any CPU
		{48CBFDD1-C16C-426D-AECC-46989C0C744F}.Release|Any CPU.ActiveCfg = Release|Any CPU
		{48CBFDD1-C16C-426D-AECC-46989C0C744F}.Release|Any CPU.Build.0 = Release|Any CPU
		{48CBFDD1-C16C-426D-AECC-46989C0C744F}.Release|x64.ActiveCfg = Release|Any CPU
		{48CBFDD1-C16C-426D-AECC-46989C0C744F}.Release|x64.Build.0 = Release|Any CPU
		{48CBFDD1-C16C-426D-AECC-46989C0C744F}.Release|x86.ActiveCfg = Release|Any CPU
		{48CBFDD1-C16C-426D-AECC-46989C0C744F}.Release|x86.Build.0 = Release|Any CPU
	EndGlobalSection
	GlobalSection(SolutionProperties) = preSolution
		HideSolutionNode = FALSE
	EndGlobalSection
	GlobalSection(NestedProjects) = preSolution
		{739E81BD-8ABE-49D8-BC4D-49B232F5193D} = {7FE818AE-42D1-4006-A8CB-4CDCAAFA2721}
		{BF95EB75-BE3C-4DE9-9CB4-1C85C6FA773E} = {7FE818AE-42D1-4006-A8CB-4CDCAAFA2721}
		{6A6813E5-3AE7-4E4F-8EFA-39907510759D} = {9F2A2343-3E8A-4AF1-94B8-3DB3EB59B63F}
		{CF8190BF-9DC3-4BD7-BBC3-E4838124058B} = {7FE818AE-42D1-4006-A8CB-4CDCAAFA2721}
		{7BA6C0E5-89BD-49E3-866B-EEF8D123C838} = {816521BE-27AF-47BB-A4BF-4E20303741EE}
		{7FBE24B8-1C8D-406A-A3FC-A7366C9AD572} = {7BA6C0E5-89BD-49E3-866B-EEF8D123C838}
		{8EB5006F-836C-448D-8901-1A37E27C6459} = {7BA6C0E5-89BD-49E3-866B-EEF8D123C838}
		{8911BF0D-BD52-4CE5-AD8D-810EDB43E7D3} = {7FE818AE-42D1-4006-A8CB-4CDCAAFA2721}
		{CF3CEDCF-9D98-40FA-BB33-B092FD51421B} = {7FE818AE-42D1-4006-A8CB-4CDCAAFA2721}
		{A2C48529-0606-4CD5-A82B-956608CDC95B} = {7FE818AE-42D1-4006-A8CB-4CDCAAFA2721}
		{319E76CE-FEC5-400B-AEBF-D1C61FFD9655} = {7FE818AE-42D1-4006-A8CB-4CDCAAFA2721}
		{48CBFDD1-C16C-426D-AECC-46989C0C744F} = {816521BE-27AF-47BB-A4BF-4E20303741EE}
	EndGlobalSection
	GlobalSection(ExtensibilityGlobals) = postSolution
		SolutionGuid = {18036194-1948-4D0C-BF64-813DE104D780}
	EndGlobalSection
EndGlobal
